
Microsoft Visual Studio Solution File, Format Version 12.00
# Visual Studio 15
VisualStudioVersion = 15.0.27703.2000
MinimumVisualStudioVersion = 10.0.40219.1
Project("{FAE04EC0-301F-11D3-BF4B-00C04F79EFBC}") = "FormsRatingBar.Android", "FormsRatingBar\FormsRatingBar.Android\FormsRatingBar.Android.csproj", "{DB38CBE8-FB7A-46BE-951F-A95B368EC739}"
EndProject
Project("{FAE04EC0-301F-11D3-BF4B-00C04F79EFBC}") = "FormsRatingBar.iOS", "FormsRatingBar\FormsRatingBar.iOS\FormsRatingBar.iOS.csproj", "{20457327-2717-48DF-A545-4A54DCD09EA3}"
EndProject
Project("{FAE04EC0-301F-11D3-BF4B-00C04F79EFBC}") = "FormsRatingBar", "FormsRatingBar\FormsRatingBar\FormsRatingBar.csproj", "{0E446270-22DA-443F-8E6B-4C76B016FF2B}"
EndProject
Global
	GlobalSection(SolutionConfigurationPlatforms) = preSolution
		Ad-Hoc|Any CPU = Ad-Hoc|Any CPU
		Ad-Hoc|iPhone = Ad-Hoc|iPhone
		Ad-Hoc|iPhoneSimulator = Ad-Hoc|iPhoneSimulator
		AppStore|Any CPU = AppStore|Any CPU
		AppStore|iPhone = AppStore|iPhone
		AppStore|iPhoneSimulator = AppStore|iPhoneSimulator
		Debug|Any CPU = Debug|Any CPU
		Debug|iPhone = Debug|iPhone
		Debug|iPhoneSimulator = Debug|iPhoneSimulator
		Release|Any CPU = Release|Any CPU
		Release|iPhone = Release|iPhone
		Release|iPhoneSimulator = Release|iPhoneSimulator
	EndGlobalSection
	GlobalSection(ProjectConfigurationPlatforms) = postSolution
		{DB38CBE8-FB7A-46BE-951F-A95B368EC739}.Ad-Hoc|Any CPU.ActiveCfg = Release|Any CPU
		{DB38CBE8-FB7A-46BE-951F-A95B368EC739}.Ad-Hoc|Any CPU.Build.0 = Release|Any CPU
		{DB38CBE8-FB7A-46BE-951F-A95B368EC739}.Ad-Hoc|Any CPU.Deploy.0 = Release|Any CPU
		{DB38CBE8-FB7A-46BE-951F-A95B368EC739}.Ad-Hoc|iPhone.ActiveCfg = Release|Any CPU
		{DB38CBE8-FB7A-46BE-951F-A95B368EC739}.Ad-Hoc|iPhone.Build.0 = Release|Any CPU
		{DB38CBE8-FB7A-46BE-951F-A95B368EC739}.Ad-Hoc|iPhone.Deploy.0 = Release|Any CPU
		{DB38CBE8-FB7A-46BE-951F-A95B368EC739}.Ad-Hoc|iPhoneSimulator.ActiveCfg = Release|Any CPU
		{DB38CBE8-FB7A-46BE-951F-A95B368EC739}.Ad-Hoc|iPhoneSimulator.Build.0 = Release|Any CPU
		{DB38CBE8-FB7A-46BE-951F-A95B368EC739}.Ad-Hoc|iPhoneSimulator.Deploy.0 = Release|Any CPU
		{DB38CBE8-FB7A-46BE-951F-A95B368EC739}.AppStore|Any CPU.ActiveCfg = Release|Any CPU
		{DB38CBE8-FB7A-46BE-951F-A95B368EC739}.AppStore|Any CPU.Build.0 = Release|Any CPU
		{DB38CBE8-FB7A-46BE-951F-A95B368EC739}.AppStore|Any CPU.Deploy.0 = Release|Any CPU
		{DB38CBE8-FB7A-46BE-951F-A95B368EC739}.AppStore|iPhone.ActiveCfg = Release|Any CPU
		{DB38CBE8-FB7A-46BE-951F-A95B368EC739}.AppStore|iPhone.Build.0 = Release|Any CPU
		{DB38CBE8-FB7A-46BE-951F-A95B368EC739}.AppStore|iPhone.Deploy.0 = Release|Any CPU
		{DB38CBE8-FB7A-46BE-951F-A95B368EC739}.AppStore|iPhoneSimulator.ActiveCfg = Release|Any CPU
		{DB38CBE8-FB7A-46BE-951F-A95B368EC739}.AppStore|iPhoneSimulator.Build.0 = Release|Any CPU
		{DB38CBE8-FB7A-46BE-951F-A95B368EC739}.AppStore|iPhoneSimulator.Deploy.0 = Release|Any CPU
		{DB38CBE8-FB7A-46BE-951F-A95B368EC739}.Debug|Any CPU.ActiveCfg = Debug|Any CPU
		{DB38CBE8-FB7A-46BE-951F-A95B368EC739}.Debug|Any CPU.Build.0 = Debug|Any CPU
		{DB38CBE8-FB7A-46BE-951F-A95B368EC739}.Debug|Any CPU.Deploy.0 = Debug|Any CPU
		{DB38CBE8-FB7A-46BE-951F-A95B368EC739}.Debug|iPhone.ActiveCfg = Debug|Any CPU
		{DB38CBE8-FB7A-46BE-951F-A95B368EC739}.Debug|iPhone.Build.0 = Debug|Any CPU
		{DB38CBE8-FB7A-46BE-951F-A95B368EC739}.Debug|iPhone.Deploy.0 = Debug|Any CPU
		{DB38CBE8-FB7A-46BE-951F-A95B368EC739}.Debug|iPhoneSimulator.ActiveCfg = Debug|Any CPU
		{DB38CBE8-FB7A-46BE-951F-A95B368EC739}.Debug|iPhoneSimulator.Build.0 = Debug|Any CPU
		{DB38CBE8-FB7A-46BE-951F-A95B368EC739}.Debug|iPhoneSimulator.Deploy.0 = Debug|Any CPU
		{DB38CBE8-FB7A-46BE-951F-A95B368EC739}.Release|Any CPU.ActiveCfg = Release|Any CPU
		{DB38CBE8-FB7A-46BE-951F-A95B368EC739}.Release|Any CPU.Build.0 = Release|Any CPU
		{DB38CBE8-FB7A-46BE-951F-A95B368EC739}.Release|Any CPU.Deploy.0 = Release|Any CPU
		{DB38CBE8-FB7A-46BE-951F-A95B368EC739}.Release|iPhone.ActiveCfg = Release|Any CPU
		{DB38CBE8-FB7A-46BE-951F-A95B368EC739}.Release|iPhone.Build.0 = Release|Any CPU
		{DB38CBE8-FB7A-46BE-951F-A95B368EC739}.Release|iPhone.Deploy.0 = Release|Any CPU
		{DB38CBE8-FB7A-46BE-951F-A95B368EC739}.Release|iPhoneSimulator.ActiveCfg = Release|Any CPU
		{DB38CBE8-FB7A-46BE-951F-A95B368EC739}.Release|iPhoneSimulator.Build.0 = Release|Any CPU
		{DB38CBE8-FB7A-46BE-951F-A95B368EC739}.Release|iPhoneSimulator.Deploy.0 = Release|Any CPU
		{20457327-2717-48DF-A545-4A54DCD09EA3}.Ad-Hoc|Any CPU.ActiveCfg = Ad-Hoc|iPhone
		{20457327-2717-48DF-A545-4A54DCD09EA3}.Ad-Hoc|Any CPU.Build.0 = Ad-Hoc|iPhone
		{20457327-2717-48DF-A545-4A54DCD09EA3}.Ad-Hoc|Any CPU.Deploy.0 = Ad-Hoc|iPhone
		{20457327-2717-48DF-A545-4A54DCD09EA3}.Ad-Hoc|iPhone.ActiveCfg = Ad-Hoc|iPhone
		{20457327-2717-48DF-A545-4A54DCD09EA3}.Ad-Hoc|iPhone.Build.0 = Ad-Hoc|iPhone
		{20457327-2717-48DF-A545-4A54DCD09EA3}.Ad-Hoc|iPhone.Deploy.0 = Ad-Hoc|iPhone
		{20457327-2717-48DF-A545-4A54DCD09EA3}.Ad-Hoc|iPhoneSimulator.ActiveCfg = Ad-Hoc|iPhoneSimulator
		{20457327-2717-48DF-A545-4A54DCD09EA3}.Ad-Hoc|iPhoneSimulator.Build.0 = Ad-Hoc|iPhoneSimulator
		{20457327-2717-48DF-A545-4A54DCD09EA3}.Ad-Hoc|iPhoneSimulator.Deploy.0 = Ad-Hoc|iPhoneSimulator
		{20457327-2717-48DF-A545-4A54DCD09EA3}.AppStore|Any CPU.ActiveCfg = AppStore|iPhone
		{20457327-2717-48DF-A545-4A54DCD09EA3}.AppStore|Any CPU.Build.0 = AppStore|iPhone
		{20457327-2717-48DF-A545-4A54DCD09EA3}.AppStore|Any CPU.Deploy.0 = AppStore|iPhone
		{20457327-2717-48DF-A545-4A54DCD09EA3}.AppStore|iPhone.ActiveCfg = AppStore|iPhone
		{20457327-2717-48DF-A545-4A54DCD09EA3}.AppStore|iPhone.Build.0 = AppStore|iPhone
		{20457327-2717-48DF-A545-4A54DCD09EA3}.AppStore|iPhone.Deploy.0 = AppStore|iPhone
		{20457327-2717-48DF-A545-4A54DCD09EA3}.AppStore|iPhoneSimulator.ActiveCfg = AppStore|iPhoneSimulator
		{20457327-2717-48DF-A545-4A54DCD09EA3}.AppStore|iPhoneSimulator.Build.0 = AppStore|iPhoneSimulator
		{20457327-2717-48DF-A545-4A54DCD09EA3}.AppStore|iPhoneSimulator.Deploy.0 = AppStore|iPhoneSimulator
		{20457327-2717-48DF-A545-4A54DCD09EA3}.Debug|Any CPU.ActiveCfg = Debug|iPhoneSimulator
		{20457327-2717-48DF-A545-4A54DCD09EA3}.Debug|Any CPU.Build.0 = Debug|iPhoneSimulator
		{20457327-2717-48DF-A545-4A54DCD09EA3}.Debug|Any CPU.Deploy.0 = Debug|iPhoneSimulator
		{20457327-2717-48DF-A545-4A54DCD09EA3}.Debug|iPhone.ActiveCfg = Debug|iPhone
		{20457327-2717-48DF-A545-4A54DCD09EA3}.Debug|iPhone.Build.0 = Debug|iPhone
		{20457327-2717-48DF-A545-4A54DCD09EA3}.Debug|iPhone.Deploy.0 = Debug|iPhone
		{20457327-2717-48DF-A545-4A54DCD09EA3}.Debug|iPhoneSimulator.ActiveCfg = Debug|iPhoneSimulator
		{20457327-2717-48DF-A545-4A54DCD09EA3}.Debug|iPhoneSimulator.Build.0 = Debug|iPhoneSimulator
		{20457327-2717-48DF-A545-4A54DCD09EA3}.Debug|iPhoneSimulator.Deploy.0 = Debug|iPhoneSimulator
		{20457327-2717-48DF-A545-4A54DCD09EA3}.Release|Any CPU.ActiveCfg = Release|iPhone
		{20457327-2717-48DF-A545-4A54DCD09EA3}.Release|Any CPU.Build.0 = Release|iPhone
		{20457327-2717-48DF-A545-4A54DCD09EA3}.Release|Any CPU.Deploy.0 = Release|iPhone
		{20457327-2717-48DF-A545-4A54DCD09EA3}.Release|iPhone.ActiveCfg = Release|iPhone
		{20457327-2717-48DF-A545-4A54DCD09EA3}.Release|iPhone.Build.0 = Release|iPhone
		{20457327-2717-48DF-A545-4A54DCD09EA3}.Release|iPhone.Deploy.0 = Release|iPhone
		{20457327-2717-48DF-A545-4A54DCD09EA3}.Release|iPhoneSimulator.ActiveCfg = Release|iPhoneSimulator
		{20457327-2717-48DF-A545-4A54DCD09EA3}.Release|iPhoneSimulator.Build.0 = Release|iPhoneSimulator
		{20457327-2717-48DF-A545-4A54DCD09EA3}.Release|iPhoneSimulator.Deploy.0 = Release|iPhoneSimulator
		{0E446270-22DA-443F-8E6B-4C76B016FF2B}.Ad-Hoc|Any CPU.ActiveCfg = Debug|Any CPU
		{0E446270-22DA-443F-8E6B-4C76B016FF2B}.Ad-Hoc|Any CPU.Build.0 = Debug|Any CPU
		{0E446270-22DA-443F-8E6B-4C76B016FF2B}.Ad-Hoc|Any CPU.Deploy.0 = Debug|Any CPU
		{0E446270-22DA-443F-8E6B-4C76B016FF2B}.Ad-Hoc|iPhone.ActiveCfg = Debug|Any CPU
		{0E446270-22DA-443F-8E6B-4C76B016FF2B}.Ad-Hoc|iPhone.Build.0 = Debug|Any CPU
		{0E446270-22DA-443F-8E6B-4C76B016FF2B}.Ad-Hoc|iPhone.Deploy.0 = Debug|Any CPU
		{0E446270-22DA-443F-8E6B-4C76B016FF2B}.Ad-Hoc|iPhoneSimulator.ActiveCfg = Debug|Any CPU
		{0E446270-22DA-443F-8E6B-4C76B016FF2B}.Ad-Hoc|iPhoneSimulator.Build.0 = Debug|Any CPU
		{0E446270-22DA-443F-8E6B-4C76B016FF2B}.Ad-Hoc|iPhoneSimulator.Deploy.0 = Debug|Any CPU
		{0E446270-22DA-443F-8E6B-4C76B016FF2B}.AppStore|Any CPU.ActiveCfg = Debug|Any CPU
		{0E446270-22DA-443F-8E6B-4C76B016FF2B}.AppStore|Any CPU.Build.0 = Debug|Any CPU
		{0E446270-22DA-443F-8E6B-4C76B016FF2B}.AppStore|Any CPU.Deploy.0 = Debug|Any CPU
		{0E446270-22DA-443F-8E6B-4C76B016FF2B}.AppStore|iPhone.ActiveCfg = Debug|Any CPU
		{0E446270-22DA-443F-8E6B-4C76B016FF2B}.AppStore|iPhone.Build.0 = Debug|Any CPU
		{0E446270-22DA-443F-8E6B-4C76B016FF2B}.AppStore|iPhone.Deploy.0 = Debug|Any CPU
		{0E446270-22DA-443F-8E6B-4C76B016FF2B}.AppStore|iPhoneSimulator.ActiveCfg = Debug|Any CPU
		{0E446270-22DA-443F-8E6B-4C76B016FF2B}.AppStore|iPhoneSimulator.Build.0 = Debug|Any CPU
		{0E446270-22DA-443F-8E6B-4C76B016FF2B}.AppStore|iPhoneSimulator.Deploy.0 = Debug|Any CPU
		{0E446270-22DA-443F-8E6B-4C76B016FF2B}.Debug|Any CPU.ActiveCfg = Debug|Any CPU
		{0E446270-22DA-443F-8E6B-4C76B016FF2B}.Debug|Any CPU.Build.0 = Debug|Any CPU
		{0E446270-22DA-443F-8E6B-4C76B016FF2B}.Debug|Any CPU.Deploy.0 = Debug|Any CPU
		{0E446270-22DA-443F-8E6B-4C76B016FF2B}.Debug|iPhone.ActiveCfg = Debug|Any CPU
		{0E446270-22DA-443F-8E6B-4C76B016FF2B}.Debug|iPhone.Build.0 = Debug|Any CPU
		{0E446270-22DA-443F-8E6B-4C76B016FF2B}.Debug|iPhone.Deploy.0 = Debug|Any CPU
		{0E446270-22DA-443F-8E6B-4C76B016FF2B}.Debug|iPhoneSimulator.ActiveCfg = Debug|Any CPU
		{0E446270-22DA-443F-8E6B-4C76B016FF2B}.Debug|iPhoneSimulator.Build.0 = Debug|Any CPU
		{0E446270-22DA-443F-8E6B-4C76B016FF2B}.Debug|iPhoneSimulator.Deploy.0 = Debug|Any CPU
		{0E446270-22DA-443F-8E6B-4C76B016FF2B}.Release|Any CPU.ActiveCfg = Release|Any CPU
		{0E446270-22DA-443F-8E6B-4C76B016FF2B}.Release|Any CPU.Build.0 = Release|Any CPU
		{0E446270-22DA-443F-8E6B-4C76B016FF2B}.Release|Any CPU.Deploy.0 = Release|Any CPU
		{0E446270-22DA-443F-8E6B-4C76B016FF2B}.Release|iPhone.ActiveCfg = Release|Any CPU
		{0E446270-22DA-443F-8E6B-4C76B016FF2B}.Release|iPhone.Build.0 = Release|Any CPU
		{0E446270-22DA-443F-8E6B-4C76B016FF2B}.Release|iPhone.Deploy.0 = Release|Any CPU
		{0E446270-22DA-443F-8E6B-4C76B016FF2B}.Release|iPhoneSimulator.ActiveCfg = Release|Any CPU
		{0E446270-22DA-443F-8E6B-4C76B016FF2B}.Release|iPhoneSimulator.Build.0 = Release|Any CPU
		{0E446270-22DA-443F-8E6B-4C76B016FF2B}.Release|iPhoneSimulator.Deploy.0 = Release|Any CPU
	EndGlobalSection
	GlobalSection(SolutionProperties) = preSolution
		HideSolutionNode = FALSE
	EndGlobalSection
	GlobalSection(ExtensibilityGlobals) = postSolution
		SolutionGuid = {3E307314-2D5E-4826-8C11-4D013CCA6D0E}
	EndGlobalSection
EndGlobal
